
Microsoft Visual Studio Solution File, Format Version 12.00
# Visual Studio Version 17
VisualStudioVersion = 17.3.32929.385
MinimumVisualStudioVersion = 10.0.40219.1
Project("{FAE04EC0-301F-11D3-BF4B-00C04F79EFBC}") = "webapp", "webapp\webapp.csproj", "{48A82E26-83BF-4F86-BBFF-668CE561723F}"
EndProject
Global
	GlobalSection(SolutionConfigurationPlatforms) = preSolution
		Debug|Any CPU = Debug|Any CPU
		Release|Any CPU = Release|Any CPU
	EndGlobalSection
	GlobalSection(ProjectConfigurationPlatforms) = postSolution
		{48A82E26-83BF-4F86-BBFF-668CE561723F}.Debug|Any CPU.ActiveCfg = Debug|Any CPU
		{48A82E26-83BF-4F86-BBFF-668CE561723F}.Debug|Any CPU.Build.0 = Debug|Any CPU
		{48A82E26-83BF-4F86-BBFF-668CE561723F}.Release|Any CPU.ActiveCfg = Release|Any CPU
		{48A82E26-83BF-4F86-BBFF-668CE561723F}.Release|Any CPU.Build.0 = Release|Any CPU
	EndGlobalSection
	GlobalSection(SolutionProperties) = preSolution
		HideSolutionNode = FALSE
	EndGlobalSection
	GlobalSection(ExtensibilityGlobals) = postSolution
		SolutionGuid = {28A1771A-4CBB-481B-84B0-9A05B40CBC93}
	EndGlobalSection
EndGlobal
